
Microsoft Visual Studio Solution File, Format Version 12.00
# Visual Studio Version 17
VisualStudioVersion = 17.12.35514.174 d17.12
MinimumVisualStudioVersion = 10.0.40219.1
Project("{FAE04EC0-301F-11D3-BF4B-00C04F79EFBC}") = "BusinessLayer", "BusinessLayer\BusinessLayer.csproj", "{10E7EE50-6E31-4D30-8138-81EDCAE42D0D}"
EndProject
Project("{FAE04EC0-301F-11D3-BF4B-00C04F79EFBC}") = "DataLayer", "DataLayer\DataLayer.csproj", "{A7184903-EC0D-4283-9D9A-37D3793966D7}"
EndProject
Project("{FAE04EC0-301F-11D3-BF4B-00C04F79EFBC}") = "THUEPHONG", "THUEPHONG\THUEPHONG.csproj", "{A65F9030-3282-461A-BA59-22E6E84BE639}"
EndProject
Global
	GlobalSection(SolutionConfigurationPlatforms) = preSolution
		Debug|Any CPU = Debug|Any CPU
		Release|Any CPU = Release|Any CPU
	EndGlobalSection
	GlobalSection(ProjectConfigurationPlatforms) = postSolution
		{10E7EE50-6E31-4D30-8138-81EDCAE42D0D}.Debug|Any CPU.ActiveCfg = Debug|Any CPU
		{10E7EE50-6E31-4D30-8138-81EDCAE42D0D}.Debug|Any CPU.Build.0 = Debug|Any CPU
		{10E7EE50-6E31-4D30-8138-81EDCAE42D0D}.Release|Any CPU.ActiveCfg = Release|Any CPU
		{10E7EE50-6E31-4D30-8138-81EDCAE42D0D}.Release|Any CPU.Build.0 = Release|Any CPU
		{A7184903-EC0D-4283-9D9A-37D3793966D7}.Debug|Any CPU.ActiveCfg = Debug|Any CPU
		{A7184903-EC0D-4283-9D9A-37D3793966D7}.Debug|Any CPU.Build.0 = Debug|Any CPU
		{A7184903-EC0D-4283-9D9A-37D3793966D7}.Release|Any CPU.ActiveCfg = Release|Any CPU
		{A7184903-EC0D-4283-9D9A-37D3793966D7}.Release|Any CPU.Build.0 = Release|Any CPU
		{A65F9030-3282-461A-BA59-22E6E84BE639}.Debug|Any CPU.ActiveCfg = Debug|Any CPU
		{A65F9030-3282-461A-BA59-22E6E84BE639}.Debug|Any CPU.Build.0 = Debug|Any CPU
		{A65F9030-3282-461A-BA59-22E6E84BE639}.Release|Any CPU.ActiveCfg = Release|Any CPU
		{A65F9030-3282-461A-BA59-22E6E84BE639}.Release|Any CPU.Build.0 = Release|Any CPU
	EndGlobalSection
	GlobalSection(SolutionProperties) = preSolution
		HideSolutionNode = FALSE
	EndGlobalSection
EndGlobal
